# This file is automatically @generated by Cargo.
# It is not intended for manual editing.
version = 4

[[package]]
name = "aos-bootloader"
version = "0.1.0"
dependencies = [
 "aos-uefi-wrappers",
]

[[package]]
name = "aos-uefi"
version = "0.1.0"
source = "git+https://github.com/simondevlp/aos-uefi.git?branch=master#004f175e1e0ef30a38efab64c583ea84f07d6122"

[[package]]
name = "aos-uefi-wrappers"
version = "0.1.0"
source = "git+https://github.com/simondevlp/aos-uefi-wrappers.git?branch=master#7bd9b3369a4f72b79b8b658c6695e9e7d27132aa"
dependencies = [
 "aos-uefi",
]
